
Microsoft Visual Studio Solution File, Format Version 12.00
# Visual Studio Version 17
VisualStudioVersion = 17.5.33627.172
MinimumVisualStudioVersion = 10.0.40219.1
Project("{FAE04EC0-301F-11D3-BF4B-00C04F79EFBC}") = "CaseSimulatorBot", "CaseSimulatorBot.csproj", "{9E464FBA-91E7-449A-A9BB-24807DADC90D}"
EndProject
Global
	GlobalSection(SolutionConfigurationPlatforms) = preSolution
		Debug|Any CPU = Debug|Any CPU
		Release|Any CPU = Release|Any CPU
	EndGlobalSection
	GlobalSection(ProjectConfigurationPlatforms) = postSolution
		{9E464FBA-91E7-449A-A9BB-24807DADC90D}.Debug|Any CPU.ActiveCfg = Debug|Any CPU
		{9E464FBA-91E7-449A-A9BB-24807DADC90D}.Debug|Any CPU.Build.0 = Debug|Any CPU
		{9E464FBA-91E7-449A-A9BB-24807DADC90D}.Release|Any CPU.ActiveCfg = Release|Any CPU
		{9E464FBA-91E7-449A-A9BB-24807DADC90D}.Release|Any CPU.Build.0 = Release|Any CPU
	EndGlobalSection
	GlobalSection(SolutionProperties) = preSolution
		HideSolutionNode = FALSE
	EndGlobalSection
	GlobalSection(ExtensibilityGlobals) = postSolution
		SolutionGuid = {D3303536-6E5B-4F4C-9B10-6558AD1CB1A9}
	EndGlobalSection
EndGlobal
